// !$*UTF8*$!
{
	archiveVersion = 1;
	classes = {
	};
	objectVersion = 46;
	objects = {

/* Begin PBXBuildFile section */
		4C0949271F122BC00059D51A /* Borrow.m in Sources */ = {isa = PBXBuildFile; fileRef = 4C0949261F122BC00059D51A /* Borrow.m */; };
		4C09492A1F122BDB0059D51A /* BorrowDetail.m in Sources */ = {isa = PBXBuildFile; fileRef = 4C0949291F122BDB0059D51A /* BorrowDetail.m */; };
		4C0949371F1772060059D51A /* MineFavoriteViewController.m in Sources */ = {isa = PBXBuildFile; fileRef = 4C0949361F1772060059D51A /* MineFavoriteViewController.m */; };
		4C09493A1F17726D0059D51A /* MineHistoryViewController.m in Sources */ = {isa = PBXBuildFile; fileRef = 4C0949391F17726D0059D51A /* MineHistoryViewController.m */; };
		4C09493D1F17770C0059D51A /* Favorite.m in Sources */ = {isa = PBXBuildFile; fileRef = 4C09493C1F17770C0059D51A /* Favorite.m */; };
		4C0949401F1777700059D51A /* FavoriteDetail.m in Sources */ = {isa = PBXBuildFile; fileRef = 4C09493F1F1777700059D51A /* FavoriteDetail.m */; };
		4C0949431F17839E0059D51A /* MineCell.m in Sources */ = {isa = PBXBuildFile; fileRef = 4C0949421F17839E0059D51A /* MineCell.m */; };
		4C0949461F17870E0059D51A /* FavoriteImage.m in Sources */ = {isa = PBXBuildFile; fileRef = 4C0949451F17870E0059D51A /* FavoriteImage.m */; };
		4C1F661A1EA26E1100166CAC /* MineBorrowViewController.m in Sources */ = {isa = PBXBuildFile; fileRef = 4C1F66191EA26E1100166CAC /* MineBorrowViewController.m */; };
		4C20E4081EE5353400B2B13E /* homeTableViewCell.m in Sources */ = {isa = PBXBuildFile; fileRef = 4C20E4071EE5353400B2B13E /* homeTableViewCell.m */; };
		4C20E40B1EE5355300B2B13E /* mineTableViewCell.m in Sources */ = {isa = PBXBuildFile; fileRef = 4C20E40A1EE5355300B2B13E /* mineTableViewCell.m */; };
		4C20E40E1EE5356800B2B13E /* settingTableViewCell.m in Sources */ = {isa = PBXBuildFile; fileRef = 4C20E40D1EE5356800B2B13E /* settingTableViewCell.m */; };
		4C20E4111EE537E000B2B13E /* NoticeNextTableViewController.m in Sources */ = {isa = PBXBuildFile; fileRef = 4C20E4101EE537E000B2B13E /* NoticeNextTableViewController.m */; };
		4C30E1811EF7F709008803F6 /* NewsNextTableViewController.m in Sources */ = {isa = PBXBuildFile; fileRef = 4C30E1801EF7F709008803F6 /* NewsNextTableViewController.m */; };
		4C3B52421EDEBE9800290FCE /* History.m in Sources */ = {isa = PBXBuildFile; fileRef = 4C3B52411EDEBE9800290FCE /* History.m */; };
		4C3B52451EDEBEC900290FCE /* HistoryDetail.m in Sources */ = {isa = PBXBuildFile; fileRef = 4C3B52441EDEBEC900290FCE /* HistoryDetail.m */; };
		4C5FFF391EDFF09A00183315 /* Announce.m in Sources */ = {isa = PBXBuildFile; fileRef = 4C5FFF381EDFF09A00183315 /* Announce.m */; };
		4C5FFF3C1EDFF3E200183315 /* AnnounceInfo.m in Sources */ = {isa = PBXBuildFile; fileRef = 4C5FFF3B1EDFF3E200183315 /* AnnounceInfo.m */; };
		4C5FFF3F1EDFFB6C00183315 /* AnnounceData.m in Sources */ = {isa = PBXBuildFile; fileRef = 4C5FFF3E1EDFFB6C00183315 /* AnnounceData.m */; };
		4CC295811F1E11FF00F892C5 /* SearchItemViewController.m in Sources */ = {isa = PBXBuildFile; fileRef = 4CC295801F1E11FF00F892C5 /* SearchItemViewController.m */; };
		4CC295851F1F539A00F892C5 /* SearchResultViewController.m in Sources */ = {isa = PBXBuildFile; fileRef = 4CC295841F1F539A00F892C5 /* SearchResultViewController.m */; };
		4CC295881F1F81CC00F892C5 /* Book.m in Sources */ = {isa = PBXBuildFile; fileRef = 4CC295871F1F81CC00F892C5 /* Book.m */; };
		4CC2958C1F1F895600F892C5 /* BookDetail.m in Sources */ = {isa = PBXBuildFile; fileRef = 4CC2958B1F1F895600F892C5 /* BookDetail.m */; };
		4CC2958F1F1F898500F892C5 /* BookData.m in Sources */ = {isa = PBXBuildFile; fileRef = 4CC2958E1F1F898500F892C5 /* BookData.m */; };
		4CC295921F1F8CC900F892C5 /* BookImage.m in Sources */ = {isa = PBXBuildFile; fileRef = 4CC295911F1F8CC900F892C5 /* BookImage.m */; };
		4CC295951F2DC90F00F892C5 /* SingleBook.m in Sources */ = {isa = PBXBuildFile; fileRef = 4CC295941F2DC90F00F892C5 /* SingleBook.m */; };
		4CC295981F2DC93B00F892C5 /* SingleBookDetail.m in Sources */ = {isa = PBXBuildFile; fileRef = 4CC295971F2DC93B00F892C5 /* SingleBookDetail.m */; };
		4CC295AE1F2F09CD00F892C5 /* SingleCirculationInfo.m in Sources */ = {isa = PBXBuildFile; fileRef = 4CC295AD1F2F09CD00F892C5 /* SingleCirculationInfo.m */; };
		4CC295B11F2F0D3100F892C5 /* SingleReferBooks.m in Sources */ = {isa = PBXBuildFile; fileRef = 4CC295B01F2F0D3100F892C5 /* SingleReferBooks.m */; };
		4CC295B41F2F0DFD00F892C5 /* SingleDoubanInfo.m in Sources */ = {isa = PBXBuildFile; fileRef = 4CC295B31F2F0DFD00F892C5 /* SingleDoubanInfo.m */; };
		4CC295B81F2F0EA400F892C5 /* DoubanRating.m in Sources */ = {isa = PBXBuildFile; fileRef = 4CC295B71F2F0EA400F892C5 /* DoubanRating.m */; };
		4CC295BB1F2F0EB900F892C5 /* DoubanAuthor.m in Sources */ = {isa = PBXBuildFile; fileRef = 4CC295BA1F2F0EB900F892C5 /* DoubanAuthor.m */; };
		4CC295BE1F2F0ED300F892C5 /* DoubanImages.m in Sources */ = {isa = PBXBuildFile; fileRef = 4CC295BD1F2F0ED300F892C5 /* DoubanImages.m */; };
		4CC79AD11E9FAA2200D8C392 /* SettingNextViewController.m in Sources */ = {isa = PBXBuildFile; fileRef = 4CC79AD01E9FAA2200D8C392 /* SettingNextViewController.m */; };
		4CD5FAD71ED30495000D5DCC /* UserInfo.m in Sources */ = {isa = PBXBuildFile; fileRef = 4CD5FAD61ED30495000D5DCC /* UserInfo.m */; };
		4CD5FADA1ED30A50000D5DCC /* User.m in Sources */ = {isa = PBXBuildFile; fileRef = 4CD5FAD91ED30A50000D5DCC /* User.m */; };
		4CEB95201ECB2465001CCDAB /* LoginResult.m in Sources */ = {isa = PBXBuildFile; fileRef = 4CEB951F1ECB2465001CCDAB /* LoginResult.m */; };
		4CF833AD1EB230B900F7A07B /* NoticeTableViewController.m in Sources */ = {isa = PBXBuildFile; fileRef = 4CF833AC1EB230B900F7A07B /* NoticeTableViewController.m */; };
		4CF833B01EB230CC00F7A07B /* NewsTableViewController.m in Sources */ = {isa = PBXBuildFile; fileRef = 4CF833AF1EB230CC00F7A07B /* NewsTableViewController.m */; };
		4CF83D641E56B28D007A7D3E /* main.m in Sources */ = {isa = PBXBuildFile; fileRef = 4CF83D631E56B28D007A7D3E /* main.m */; };
		4CF83D671E56B28D007A7D3E /* AppDelegate.m in Sources */ = {isa = PBXBuildFile; fileRef = 4CF83D661E56B28D007A7D3E /* AppDelegate.m */; };
		4CF83D6D1E56B28D007A7D3E /* Main.storyboard in Resources */ = {isa = PBXBuildFile; fileRef = 4CF83D6B1E56B28D007A7D3E /* Main.storyboard */; };
		4CF83D6F1E56B28D007A7D3E /* Assets.xcassets in Resources */ = {isa = PBXBuildFile; fileRef = 4CF83D6E1E56B28D007A7D3E /* Assets.xcassets */; };
		4CF83D721E56B28D007A7D3E /* LaunchScreen.storyboard in Resources */ = {isa = PBXBuildFile; fileRef = 4CF83D701E56B28D007A7D3E /* LaunchScreen.storyboard */; };
		4CF83D7D1E56B28D007A7D3E /* XiYouLibraryTests.m in Sources */ = {isa = PBXBuildFile; fileRef = 4CF83D7C1E56B28D007A7D3E /* XiYouLibraryTests.m */; };
		4CF83D881E56B28D007A7D3E /* XiYouLibraryUITests.m in Sources */ = {isa = PBXBuildFile; fileRef = 4CF83D871E56B28D007A7D3E /* XiYouLibraryUITests.m */; };
		4CF83DAC1E56C0FE007A7D3E /* XYTabBarController.m in Sources */ = {isa = PBXBuildFile; fileRef = 4CF83DAB1E56C0FE007A7D3E /* XYTabBarController.m */; };
		4CF83DB51E56C67F007A7D3E /* HomeViewController.m in Sources */ = {isa = PBXBuildFile; fileRef = 4CF83DB41E56C67F007A7D3E /* HomeViewController.m */; };
		4CF83DB81E56C68D007A7D3E /* MineViewController.m in Sources */ = {isa = PBXBuildFile; fileRef = 4CF83DB71E56C68D007A7D3E /* MineViewController.m */; };
		4CF83DBB1E56C699007A7D3E /* SettingViewController.m in Sources */ = {isa = PBXBuildFile; fileRef = 4CF83DBA1E56C699007A7D3E /* SettingViewController.m */; };
		4CF83DBE1E56D47C007A7D3E /* ViewController.m in Sources */ = {isa = PBXBuildFile; fileRef = 4CF83DBD1E56D47C007A7D3E /* ViewController.m */; };
		4CFC93C31EE69C390075728E /* AnnounceDetail.m in Sources */ = {isa = PBXBuildFile; fileRef = 4CFC93C21EE69C390075728E /* AnnounceDetail.m */; };
		4CFC93C61EE69C6F0075728E /* AnnounceDetailData.m in Sources */ = {isa = PBXBuildFile; fileRef = 4CFC93C51EE69C6F0075728E /* AnnounceDetailData.m */; };
		8FB436854E41E387E53E1C0D /* Pods_XiYouLibraryUITests.framework in Frameworks */ = {isa = PBXBuildFile; fileRef = 4E0B6A9B1544E7BD18604AF4 /* Pods_XiYouLibraryUITests.framework */; };
		CDB32260818A4CFFC1449CB9 /* Pods_XiYouLibraryTests.framework in Frameworks */ = {isa = PBXBuildFile; fileRef = FA7808129492DC432F287935 /* Pods_XiYouLibraryTests.framework */; };
		F8029CEDDCF59BABD12198AB /* Pods_XiYouLibrary.framework in Frameworks */ = {isa = PBXBuildFile; fileRef = B1749EC01B0B84C9437DD358 /* Pods_XiYouLibrary.framework */; };
/* End PBXBuildFile section */

/* Begin PBXContainerItemProxy section */
		4CF83D791E56B28D007A7D3E /* PBXContainerItemProxy */ = {
			isa = PBXContainerItemProxy;
			containerPortal = 4CF83D571E56B28D007A7D3E /* Project object */;
			proxyType = 1;
			remoteGlobalIDString = 4CF83D5E1E56B28D007A7D3E;
			remoteInfo = XiYouLibrary;
		};
		4CF83D841E56B28D007A7D3E /* PBXContainerItemProxy */ = {
			isa = PBXContainerItemProxy;
			containerPortal = 4CF83D571E56B28D007A7D3E /* Project object */;
			proxyType = 1;
			remoteGlobalIDString = 4CF83D5E1E56B28D007A7D3E;
			remoteInfo = XiYouLibrary;
		};
/* End PBXContainerItemProxy section */

/* Begin PBXFileReference section */
		08560A220A667FEF83622F14 /* Pods-XiYouLibraryTests.release.xcconfig */ = {isa = PBXFileReference; includeInIndex = 1; lastKnownFileType = text.xcconfig; name = "Pods-XiYouLibraryTests.release.xcconfig"; path = "Pods/Target Support Files/Pods-XiYouLibraryTests/Pods-XiYouLibraryTests.release.xcconfig"; sourceTree = "<group>"; };
		389747DB375B210BD77FA2DA /* Pods-XiYouLibraryUITests.release.xcconfig */ = {isa = PBXFileReference; includeInIndex = 1; lastKnownFileType = text.xcconfig; name = "Pods-XiYouLibraryUITests.release.xcconfig"; path = "Pods/Target Support Files/Pods-XiYouLibraryUITests/Pods-XiYouLibraryUITests.release.xcconfig"; sourceTree = "<group>"; };
		4058529DE8F066C9BC5D942B /* Pods-XiYouLibraryUITests.debug.xcconfig */ = {isa = PBXFileReference; includeInIndex = 1; lastKnownFileType = text.xcconfig; name = "Pods-XiYouLibraryUITests.debug.xcconfig"; path = "Pods/Target Support Files/Pods-XiYouLibraryUITests/Pods-XiYouLibraryUITests.debug.xcconfig"; sourceTree = "<group>"; };
		4C0949251F122BC00059D51A /* Borrow.h */ = {isa = PBXFileReference; fileEncoding = 4; lastKnownFileType = sourcecode.c.h; path = Borrow.h; sourceTree = "<group>"; };
		4C0949261F122BC00059D51A /* Borrow.m */ = {isa = PBXFileReference; fileEncoding = 4; lastKnownFileType = sourcecode.c.objc; path = Borrow.m; sourceTree = "<group>"; };
		4C0949281F122BDB0059D51A /* BorrowDetail.h */ = {isa = PBXFileReference; fileEncoding = 4; lastKnownFileType = sourcecode.c.h; path = BorrowDetail.h; sourceTree = "<group>"; };
		4C0949291F122BDB0059D51A /* BorrowDetail.m */ = {isa = PBXFileReference; fileEncoding = 4; lastKnownFileType = sourcecode.c.objc; path = BorrowDetail.m; sourceTree = "<group>"; };
		4C0949351F1772060059D51A /* MineFavoriteViewController.h */ = {isa = PBXFileReference; fileEncoding = 4; lastKnownFileType = sourcecode.c.h; path = MineFavoriteViewController.h; sourceTree = "<group>"; };
		4C0949361F1772060059D51A /* MineFavoriteViewController.m */ = {isa = PBXFileReference; fileEncoding = 4; lastKnownFileType = sourcecode.c.objc; path = MineFavoriteViewController.m; sourceTree = "<group>"; };
		4C0949381F17726D0059D51A /* MineHistoryViewController.h */ = {isa = PBXFileReference; fileEncoding = 4; lastKnownFileType = sourcecode.c.h; path = MineHistoryViewController.h; sourceTree = "<group>"; };
		4C0949391F17726D0059D51A /* MineHistoryViewController.m */ = {isa = PBXFileReference; fileEncoding = 4; lastKnownFileType = sourcecode.c.objc; path = MineHistoryViewController.m; sourceTree = "<group>"; };
		4C09493B1F17770C0059D51A /* Favorite.h */ = {isa = PBXFileReference; fileEncoding = 4; lastKnownFileType = sourcecode.c.h; path = Favorite.h; sourceTree = "<group>"; };
		4C09493C1F17770C0059D51A /* Favorite.m */ = {isa = PBXFileReference; fileEncoding = 4; lastKnownFileType = sourcecode.c.objc; path = Favorite.m; sourceTree = "<group>"; };
		4C09493E1F1777700059D51A /* FavoriteDetail.h */ = {isa = PBXFileReference; fileEncoding = 4; lastKnownFileType = sourcecode.c.h; path = FavoriteDetail.h; sourceTree = "<group>"; };
		4C09493F1F1777700059D51A /* FavoriteDetail.m */ = {isa = PBXFileReference; fileEncoding = 4; lastKnownFileType = sourcecode.c.objc; path = FavoriteDetail.m; sourceTree = "<group>"; };
		4C0949411F17839E0059D51A /* MineCell.h */ = {isa = PBXFileReference; fileEncoding = 4; lastKnownFileType = sourcecode.c.h; path = MineCell.h; sourceTree = "<group>"; };
		4C0949421F17839E0059D51A /* MineCell.m */ = {isa = PBXFileReference; fileEncoding = 4; lastKnownFileType = sourcecode.c.objc; path = MineCell.m; sourceTree = "<group>"; };
		4C0949441F17870E0059D51A /* FavoriteImage.h */ = {isa = PBXFileReference; fileEncoding = 4; lastKnownFileType = sourcecode.c.h; path = FavoriteImage.h; sourceTree = "<group>"; };
		4C0949451F17870E0059D51A /* FavoriteImage.m */ = {isa = PBXFileReference; fileEncoding = 4; lastKnownFileType = sourcecode.c.objc; path = FavoriteImage.m; sourceTree = "<group>"; };
		4C1F66181EA26E1100166CAC /* MineBorrowViewController.h */ = {isa = PBXFileReference; fileEncoding = 4; lastKnownFileType = sourcecode.c.h; path = MineBorrowViewController.h; sourceTree = "<group>"; };
		4C1F66191EA26E1100166CAC /* MineBorrowViewController.m */ = {isa = PBXFileReference; fileEncoding = 4; lastKnownFileType = sourcecode.c.objc; path = MineBorrowViewController.m; sourceTree = "<group>"; };
		4C20E4061EE5353400B2B13E /* homeTableViewCell.h */ = {isa = PBXFileReference; fileEncoding = 4; lastKnownFileType = sourcecode.c.h; name = homeTableViewCell.h; path = XiYouLibrary/View/cell/homeTableViewCell.h; sourceTree = SOURCE_ROOT; };
		4C20E4071EE5353400B2B13E /* homeTableViewCell.m */ = {isa = PBXFileReference; fileEncoding = 4; lastKnownFileType = sourcecode.c.objc; name = homeTableViewCell.m; path = XiYouLibrary/View/cell/homeTableViewCell.m; sourceTree = SOURCE_ROOT; };
		4C20E4091EE5355300B2B13E /* mineTableViewCell.h */ = {isa = PBXFileReference; fileEncoding = 4; lastKnownFileType = sourcecode.c.h; name = mineTableViewCell.h; path = XiYouLibrary/View/cell/mineTableViewCell.h; sourceTree = SOURCE_ROOT; };
		4C20E40A1EE5355300B2B13E /* mineTableViewCell.m */ = {isa = PBXFileReference; fileEncoding = 4; lastKnownFileType = sourcecode.c.objc; name = mineTableViewCell.m; path = XiYouLibrary/View/cell/mineTableViewCell.m; sourceTree = SOURCE_ROOT; };
		4C20E40C1EE5356800B2B13E /* settingTableViewCell.h */ = {isa = PBXFileReference; fileEncoding = 4; lastKnownFileType = sourcecode.c.h; name = settingTableViewCell.h; path = XiYouLibrary/View/cell/settingTableViewCell.h; sourceTree = SOURCE_ROOT; };
		4C20E40D1EE5356800B2B13E /* settingTableViewCell.m */ = {isa = PBXFileReference; fileEncoding = 4; lastKnownFileType = sourcecode.c.objc; name = settingTableViewCell.m; path = XiYouLibrary/View/cell/settingTableViewCell.m; sourceTree = SOURCE_ROOT; };
		4C20E40F1EE537E000B2B13E /* NoticeNextTableViewController.h */ = {isa = PBXFileReference; fileEncoding = 4; lastKnownFileType = sourcecode.c.h; path = NoticeNextTableViewController.h; sourceTree = "<group>"; };
		4C20E4101EE537E000B2B13E /* NoticeNextTableViewController.m */ = {isa = PBXFileReference; fileEncoding = 4; lastKnownFileType = sourcecode.c.objc; path = NoticeNextTableViewController.m; sourceTree = "<group>"; };
		4C30E17F1EF7F709008803F6 /* NewsNextTableViewController.h */ = {isa = PBXFileReference; fileEncoding = 4; lastKnownFileType = sourcecode.c.h; path = NewsNextTableViewController.h; sourceTree = "<group>"; };
		4C30E1801EF7F709008803F6 /* NewsNextTableViewController.m */ = {isa = PBXFileReference; fileEncoding = 4; lastKnownFileType = sourcecode.c.objc; path = NewsNextTableViewController.m; sourceTree = "<group>"; };
		4C3B52401EDEBE9800290FCE /* History.h */ = {isa = PBXFileReference; fileEncoding = 4; lastKnownFileType = sourcecode.c.h; path = History.h; sourceTree = "<group>"; };
		4C3B52411EDEBE9800290FCE /* History.m */ = {isa = PBXFileReference; fileEncoding = 4; lastKnownFileType = sourcecode.c.objc; path = History.m; sourceTree = "<group>"; };
		4C3B52431EDEBEC900290FCE /* HistoryDetail.h */ = {isa = PBXFileReference; fileEncoding = 4; lastKnownFileType = sourcecode.c.h; path = HistoryDetail.h; sourceTree = "<group>"; };
		4C3B52441EDEBEC900290FCE /* HistoryDetail.m */ = {isa = PBXFileReference; fileEncoding = 4; lastKnownFileType = sourcecode.c.objc; path = HistoryDetail.m; sourceTree = "<group>"; };
		4C4100341F32C840002A098A /* Header.h */ = {isa = PBXFileReference; fileEncoding = 4; lastKnownFileType = sourcecode.c.h; path = Header.h; sourceTree = "<group>"; };
		4C5F81D27B983D0F872ED73B /* Pods-XiYouLibrary.debug.xcconfig */ = {isa = PBXFileReference; includeInIndex = 1; lastKnownFileType = text.xcconfig; name = "Pods-XiYouLibrary.debug.xcconfig"; path = "Pods/Target Support Files/Pods-XiYouLibrary/Pods-XiYouLibrary.debug.xcconfig"; sourceTree = "<group>"; };
		4C5FFF371EDFF09A00183315 /* Announce.h */ = {isa = PBXFileReference; fileEncoding = 4; lastKnownFileType = sourcecode.c.h; path = Announce.h; sourceTree = "<group>"; };
		4C5FFF381EDFF09A00183315 /* Announce.m */ = {isa = PBXFileReference; fileEncoding = 4; lastKnownFileType = sourcecode.c.objc; path = Announce.m; sourceTree = "<group>"; };
		4C5FFF3A1EDFF3E200183315 /* AnnounceInfo.h */ = {isa = PBXFileReference; fileEncoding = 4; lastKnownFileType = sourcecode.c.h; path = AnnounceInfo.h; sourceTree = "<group>"; };
		4C5FFF3B1EDFF3E200183315 /* AnnounceInfo.m */ = {isa = PBXFileReference; fileEncoding = 4; lastKnownFileType = sourcecode.c.objc; path = AnnounceInfo.m; sourceTree = "<group>"; };
		4C5FFF3D1EDFFB6C00183315 /* AnnounceData.h */ = {isa = PBXFileReference; fileEncoding = 4; lastKnownFileType = sourcecode.c.h; path = AnnounceData.h; sourceTree = "<group>"; };
		4C5FFF3E1EDFFB6C00183315 /* AnnounceData.m */ = {isa = PBXFileReference; fileEncoding = 4; lastKnownFileType = sourcecode.c.objc; path = AnnounceData.m; sourceTree = "<group>"; };
		4CC2957F1F1E11FF00F892C5 /* SearchItemViewController.h */ = {isa = PBXFileReference; fileEncoding = 4; lastKnownFileType = sourcecode.c.h; name = SearchItemViewController.h; path = ../SearchItemViewController.h; sourceTree = "<group>"; };
		4CC295801F1E11FF00F892C5 /* SearchItemViewController.m */ = {isa = PBXFileReference; fileEncoding = 4; lastKnownFileType = sourcecode.c.objc; name = SearchItemViewController.m; path = ../SearchItemViewController.m; sourceTree = "<group>"; };
		4CC295831F1F539A00F892C5 /* SearchResultViewController.h */ = {isa = PBXFileReference; fileEncoding = 4; lastKnownFileType = sourcecode.c.h; path = SearchResultViewController.h; sourceTree = "<group>"; };
		4CC295841F1F539A00F892C5 /* SearchResultViewController.m */ = {isa = PBXFileReference; fileEncoding = 4; lastKnownFileType = sourcecode.c.objc; path = SearchResultViewController.m; sourceTree = "<group>"; };
		4CC295861F1F81CC00F892C5 /* Book.h */ = {isa = PBXFileReference; fileEncoding = 4; lastKnownFileType = sourcecode.c.h; name = Book.h; path = ../SearchController/Book.h; sourceTree = "<group>"; };
		4CC295871F1F81CC00F892C5 /* Book.m */ = {isa = PBXFileReference; fileEncoding = 4; lastKnownFileType = sourcecode.c.objc; name = Book.m; path = ../SearchController/Book.m; sourceTree = "<group>"; };
		4CC2958A1F1F895600F892C5 /* BookDetail.h */ = {isa = PBXFileReference; fileEncoding = 4; lastKnownFileType = sourcecode.c.h; name = BookDetail.h; path = ../../../Book/BookDetail.h; sourceTree = "<group>"; };
		4CC2958B1F1F895600F892C5 /* BookDetail.m */ = {isa = PBXFileReference; fileEncoding = 4; lastKnownFileType = sourcecode.c.objc; name = BookDetail.m; path = ../../../Book/BookDetail.m; sourceTree = "<group>"; };
		4CC2958D1F1F898500F892C5 /* BookData.h */ = {isa = PBXFileReference; fileEncoding = 4; lastKnownFileType = sourcecode.c.h; name = BookData.h; path = ../../../Book/BookData.h; sourceTree = "<group>"; };
		4CC2958E1F1F898500F892C5 /* BookData.m */ = {isa = PBXFileReference; fileEncoding = 4; lastKnownFileType = sourcecode.c.objc; name = BookData.m; path = ../../../Book/BookData.m; sourceTree = "<group>"; };
		4CC295901F1F8CC900F892C5 /* BookImage.h */ = {isa = PBXFileReference; fileEncoding = 4; lastKnownFileType = sourcecode.c.h; name = BookImage.h; path = ../../../Book/BookImage.h; sourceTree = "<group>"; };
		4CC295911F1F8CC900F892C5 /* BookImage.m */ = {isa = PBXFileReference; fileEncoding = 4; lastKnownFileType = sourcecode.c.objc; name = BookImage.m; path = ../../../Book/BookImage.m; sourceTree = "<group>"; };
		4CC295931F2DC90F00F892C5 /* SingleBook.h */ = {isa = PBXFileReference; fileEncoding = 4; lastKnownFileType = sourcecode.c.h; name = SingleBook.h; path = ../../../Book/SingleBook.h; sourceTree = "<group>"; };
		4CC295941F2DC90F00F892C5 /* SingleBook.m */ = {isa = PBXFileReference; fileEncoding = 4; lastKnownFileType = sourcecode.c.objc; name = SingleBook.m; path = ../../../Book/SingleBook.m; sourceTree = "<group>"; };
		4CC295961F2DC93B00F892C5 /* SingleBookDetail.h */ = {isa = PBXFileReference; fileEncoding = 4; lastKnownFileType = sourcecode.c.h; name = SingleBookDetail.h; path = ../../../Book/SingleBookDetail.h; sourceTree = "<group>"; };
		4CC295971F2DC93B00F892C5 /* SingleBookDetail.m */ = {isa = PBXFileReference; fileEncoding = 4; lastKnownFileType = sourcecode.c.objc; name = SingleBookDetail.m; path = ../../../Book/SingleBookDetail.m; sourceTree = "<group>"; };
		4CC295AC1F2F09CD00F892C5 /* SingleCirculationInfo.h */ = {isa = PBXFileReference; fileEncoding = 4; lastKnownFileType = sourcecode.c.h; name = SingleCirculationInfo.h; path = ../../../Book/SingleCirculationInfo.h; sourceTree = "<group>"; };
		4CC295AD1F2F09CD00F892C5 /* SingleCirculationInfo.m */ = {isa = PBXFileReference; fileEncoding = 4; lastKnownFileType = sourcecode.c.objc; name = SingleCirculationInfo.m; path = ../../../Book/SingleCirculationInfo.m; sourceTree = "<group>"; };
		4CC295AF1F2F0D3100F892C5 /* SingleReferBooks.h */ = {isa = PBXFileReference; fileEncoding = 4; lastKnownFileType = sourcecode.c.h; name = SingleReferBooks.h; path = ../../../Book/SingleReferBooks.h; sourceTree = "<group>"; };
		4CC295B01F2F0D3100F892C5 /* SingleReferBooks.m */ = {isa = PBXFileReference; fileEncoding = 4; lastKnownFileType = sourcecode.c.objc; name = SingleReferBooks.m; path = ../../../Book/SingleReferBooks.m; sourceTree = "<group>"; };
		4CC295B21F2F0DFD00F892C5 /* SingleDoubanInfo.h */ = {isa = PBXFileReference; fileEncoding = 4; lastKnownFileType = sourcecode.c.h; name = SingleDoubanInfo.h; path = ../../../Book/SingleDoubanInfo.h; sourceTree = "<group>"; };
		4CC295B31F2F0DFD00F892C5 /* SingleDoubanInfo.m */ = {isa = PBXFileReference; fileEncoding = 4; lastKnownFileType = sourcecode.c.objc; name = SingleDoubanInfo.m; path = ../../../Book/SingleDoubanInfo.m; sourceTree = "<group>"; };
		4CC295B61F2F0EA400F892C5 /* DoubanRating.h */ = {isa = PBXFileReference; fileEncoding = 4; lastKnownFileType = sourcecode.c.h; path = DoubanRating.h; sourceTree = "<group>"; };
		4CC295B71F2F0EA400F892C5 /* DoubanRating.m */ = {isa = PBXFileReference; fileEncoding = 4; lastKnownFileType = sourcecode.c.objc; path = DoubanRating.m; sourceTree = "<group>"; };
		4CC295B91F2F0EB900F892C5 /* DoubanAuthor.h */ = {isa = PBXFileReference; fileEncoding = 4; lastKnownFileType = sourcecode.c.h; path = DoubanAuthor.h; sourceTree = "<group>"; };
		4CC295BA1F2F0EB900F892C5 /* DoubanAuthor.m */ = {isa = PBXFileReference; fileEncoding = 4; lastKnownFileType = sourcecode.c.objc; path = DoubanAuthor.m; sourceTree = "<group>"; };
		4CC295BC1F2F0ED300F892C5 /* DoubanImages.h */ = {isa = PBXFileReference; fileEncoding = 4; lastKnownFileType = sourcecode.c.h; path = DoubanImages.h; sourceTree = "<group>"; };
		4CC295BD1F2F0ED300F892C5 /* DoubanImages.m */ = {isa = PBXFileReference; fileEncoding = 4; lastKnownFileType = sourcecode.c.objc; path = DoubanImages.m; sourceTree = "<group>"; };
		4CC79ACF1E9FAA2200D8C392 /* SettingNextViewController.h */ = {isa = PBXFileReference; fileEncoding = 4; lastKnownFileType = sourcecode.c.h; path = SettingNextViewController.h; sourceTree = "<group>"; };
		4CC79AD01E9FAA2200D8C392 /* SettingNextViewController.m */ = {isa = PBXFileReference; fileEncoding = 4; lastKnownFileType = sourcecode.c.objc; path = SettingNextViewController.m; sourceTree = "<group>"; };
		4CD5FAD51ED30495000D5DCC /* UserInfo.h */ = {isa = PBXFileReference; fileEncoding = 4; lastKnownFileType = sourcecode.c.h; path = UserInfo.h; sourceTree = "<group>"; };
		4CD5FAD61ED30495000D5DCC /* UserInfo.m */ = {isa = PBXFileReference; fileEncoding = 4; lastKnownFileType = sourcecode.c.objc; path = UserInfo.m; sourceTree = "<group>"; };
		4CD5FAD81ED30A50000D5DCC /* User.h */ = {isa = PBXFileReference; fileEncoding = 4; lastKnownFileType = sourcecode.c.h; path = User.h; sourceTree = "<group>"; };
		4CD5FAD91ED30A50000D5DCC /* User.m */ = {isa = PBXFileReference; fileEncoding = 4; lastKnownFileType = sourcecode.c.objc; path = User.m; sourceTree = "<group>"; };
		4CEB951E1ECB2465001CCDAB /* LoginResult.h */ = {isa = PBXFileReference; fileEncoding = 4; lastKnownFileType = sourcecode.c.h; path = LoginResult.h; sourceTree = "<group>"; };
		4CEB951F1ECB2465001CCDAB /* LoginResult.m */ = {isa = PBXFileReference; fileEncoding = 4; lastKnownFileType = sourcecode.c.objc; path = LoginResult.m; sourceTree = "<group>"; };
		4CF833AB1EB230B900F7A07B /* NoticeTableViewController.h */ = {isa = PBXFileReference; fileEncoding = 4; lastKnownFileType = sourcecode.c.h; name = NoticeTableViewController.h; path = ../MineController/NoticeTableViewController.h; sourceTree = "<group>"; };
		4CF833AC1EB230B900F7A07B /* NoticeTableViewController.m */ = {isa = PBXFileReference; fileEncoding = 4; lastKnownFileType = sourcecode.c.objc; name = NoticeTableViewController.m; path = ../MineController/NoticeTableViewController.m; sourceTree = "<group>"; };
		4CF833AE1EB230CC00F7A07B /* NewsTableViewController.h */ = {isa = PBXFileReference; fileEncoding = 4; lastKnownFileType = sourcecode.c.h; name = NewsTableViewController.h; path = ../MineController/NewsTableViewController.h; sourceTree = "<group>"; };
		4CF833AF1EB230CC00F7A07B /* NewsTableViewController.m */ = {isa = PBXFileReference; fileEncoding = 4; lastKnownFileType = sourcecode.c.objc; name = NewsTableViewController.m; path = ../MineController/NewsTableViewController.m; sourceTree = "<group>"; };
		4CF83D5F1E56B28D007A7D3E /* XiYouLibrary.app */ = {isa = PBXFileReference; explicitFileType = wrapper.application; includeInIndex = 0; path = XiYouLibrary.app; sourceTree = BUILT_PRODUCTS_DIR; };
		4CF83D631E56B28D007A7D3E /* main.m */ = {isa = PBXFileReference; lastKnownFileType = sourcecode.c.objc; path = main.m; sourceTree = "<group>"; };
		4CF83D651E56B28D007A7D3E /* AppDelegate.h */ = {isa = PBXFileReference; lastKnownFileType = sourcecode.c.h; path = AppDelegate.h; sourceTree = "<group>"; };
		4CF83D661E56B28D007A7D3E /* AppDelegate.m */ = {isa = PBXFileReference; lastKnownFileType = sourcecode.c.objc; path = AppDelegate.m; sourceTree = "<group>"; };
		4CF83D6C1E56B28D007A7D3E /* Base */ = {isa = PBXFileReference; lastKnownFileType = file.storyboard; name = Base; path = Base.lproj/Main.storyboard; sourceTree = "<group>"; };
		4CF83D6E1E56B28D007A7D3E /* Assets.xcassets */ = {isa = PBXFileReference; lastKnownFileType = folder.assetcatalog; path = Assets.xcassets; sourceTree = "<group>"; };
		4CF83D711E56B28D007A7D3E /* Base */ = {isa = PBXFileReference; lastKnownFileType = file.storyboard; name = Base; path = Base.lproj/LaunchScreen.storyboard; sourceTree = "<group>"; };
		4CF83D731E56B28D007A7D3E /* Info.plist */ = {isa = PBXFileReference; lastKnownFileType = text.plist.xml; path = Info.plist; sourceTree = "<group>"; };
		4CF83D781E56B28D007A7D3E /* XiYouLibraryTests.xctest */ = {isa = PBXFileReference; explicitFileType = wrapper.cfbundle; includeInIndex = 0; path = XiYouLibraryTests.xctest; sourceTree = BUILT_PRODUCTS_DIR; };
		4CF83D7C1E56B28D007A7D3E /* XiYouLibraryTests.m */ = {isa = PBXFileReference; lastKnownFileType = sourcecode.c.objc; path = XiYouLibraryTests.m; sourceTree = "<group>"; };
		4CF83D7E1E56B28D007A7D3E /* Info.plist */ = {isa = PBXFileReference; lastKnownFileType = text.plist.xml; path = Info.plist; sourceTree = "<group>"; };
		4CF83D831E56B28D007A7D3E /* XiYouLibraryUITests.xctest */ = {isa = PBXFileReference; explicitFileType = wrapper.cfbundle; includeInIndex = 0; path = XiYouLibraryUITests.xctest; sourceTree = BUILT_PRODUCTS_DIR; };
		4CF83D871E56B28D007A7D3E /* XiYouLibraryUITests.m */ = {isa = PBXFileReference; lastKnownFileType = sourcecode.c.objc; path = XiYouLibraryUITests.m; sourceTree = "<group>"; };
		4CF83D891E56B28D007A7D3E /* Info.plist */ = {isa = PBXFileReference; lastKnownFileType = text.plist.xml; path = Info.plist; sourceTree = "<group>"; };
		4CF83DAA1E56C0FE007A7D3E /* XYTabBarController.h */ = {isa = PBXFileReference; fileEncoding = 4; lastKnownFileType = sourcecode.c.h; path = XYTabBarController.h; sourceTree = "<group>"; };
		4CF83DAB1E56C0FE007A7D3E /* XYTabBarController.m */ = {isa = PBXFileReference; fileEncoding = 4; lastKnownFileType = sourcecode.c.objc; path = XYTabBarController.m; sourceTree = "<group>"; };
		4CF83DB31E56C67F007A7D3E /* HomeViewController.h */ = {isa = PBXFileReference; fileEncoding = 4; lastKnownFileType = sourcecode.c.h; path = HomeViewController.h; sourceTree = "<group>"; };
		4CF83DB41E56C67F007A7D3E /* HomeViewController.m */ = {isa = PBXFileReference; fileEncoding = 4; lastKnownFileType = sourcecode.c.objc; path = HomeViewController.m; sourceTree = "<group>"; };
		4CF83DB61E56C68D007A7D3E /* MineViewController.h */ = {isa = PBXFileReference; fileEncoding = 4; lastKnownFileType = sourcecode.c.h; path = MineViewController.h; sourceTree = "<group>"; };
		4CF83DB71E56C68D007A7D3E /* MineViewController.m */ = {isa = PBXFileReference; fileEncoding = 4; lastKnownFileType = sourcecode.c.objc; path = MineViewController.m; sourceTree = "<group>"; };
		4CF83DB91E56C699007A7D3E /* SettingViewController.h */ = {isa = PBXFileReference; fileEncoding = 4; lastKnownFileType = sourcecode.c.h; path = SettingViewController.h; sourceTree = "<group>"; };
		4CF83DBA1E56C699007A7D3E /* SettingViewController.m */ = {isa = PBXFileReference; fileEncoding = 4; lastKnownFileType = sourcecode.c.objc; path = SettingViewController.m; sourceTree = "<group>"; };
		4CF83DBC1E56D47C007A7D3E /* ViewController.h */ = {isa = PBXFileReference; fileEncoding = 4; lastKnownFileType = sourcecode.c.h; path = ViewController.h; sourceTree = "<group>"; };
		4CF83DBD1E56D47C007A7D3E /* ViewController.m */ = {isa = PBXFileReference; fileEncoding = 4; lastKnownFileType = sourcecode.c.objc; path = ViewController.m; sourceTree = "<group>"; };
		4CFC93C11EE69C390075728E /* AnnounceDetail.h */ = {isa = PBXFileReference; fileEncoding = 4; lastKnownFileType = sourcecode.c.h; path = AnnounceDetail.h; sourceTree = "<group>"; };
		4CFC93C21EE69C390075728E /* AnnounceDetail.m */ = {isa = PBXFileReference; fileEncoding = 4; lastKnownFileType = sourcecode.c.objc; path = AnnounceDetail.m; sourceTree = "<group>"; };
		4CFC93C41EE69C6F0075728E /* AnnounceDetailData.h */ = {isa = PBXFileReference; fileEncoding = 4; lastKnownFileType = sourcecode.c.h; path = AnnounceDetailData.h; sourceTree = "<group>"; };
		4CFC93C51EE69C6F0075728E /* AnnounceDetailData.m */ = {isa = PBXFileReference; fileEncoding = 4; lastKnownFileType = sourcecode.c.objc; path = AnnounceDetailData.m; sourceTree = "<group>"; };
		4E0B6A9B1544E7BD18604AF4 /* Pods_XiYouLibraryUITests.framework */ = {isa = PBXFileReference; explicitFileType = wrapper.framework; includeInIndex = 0; path = Pods_XiYouLibraryUITests.framework; sourceTree = BUILT_PRODUCTS_DIR; };
		5DD02BDB7C651038660E362C /* Pods-XiYouLibrary.release.xcconfig */ = {isa = PBXFileReference; includeInIndex = 1; lastKnownFileType = text.xcconfig; name = "Pods-XiYouLibrary.release.xcconfig"; path = "Pods/Target Support Files/Pods-XiYouLibrary/Pods-XiYouLibrary.release.xcconfig"; sourceTree = "<group>"; };
		9467626799908A9C33ED8749 /* Pods-XiYouLibraryTests.debug.xcconfig */ = {isa = PBXFileReference; includeInIndex = 1; lastKnownFileType = text.xcconfig; name = "Pods-XiYouLibraryTests.debug.xcconfig"; path = "Pods/Target Support Files/Pods-XiYouLibraryTests/Pods-XiYouLibraryTests.debug.xcconfig"; sourceTree = "<group>"; };
		B1749EC01B0B84C9437DD358 /* Pods_XiYouLibrary.framework */ = {isa = PBXFileReference; explicitFileType = wrapper.framework; includeInIndex = 0; path = Pods_XiYouLibrary.framework; sourceTree = BUILT_PRODUCTS_DIR; };
		FA7808129492DC432F287935 /* Pods_XiYouLibraryTests.framework */ = {isa = PBXFileReference; explicitFileType = wrapper.framework; includeInIndex = 0; path = Pods_XiYouLibraryTests.framework; sourceTree = BUILT_PRODUCTS_DIR; };
/* End PBXFileReference section */

/* Begin PBXFrameworksBuildPhase section */
		4CF83D5C1E56B28D007A7D3E /* Frameworks */ = {
			isa = PBXFrameworksBuildPhase;
			buildActionMask = 2147483647;
			files = (
				F8029CEDDCF59BABD12198AB /* Pods_XiYouLibrary.framework in Frameworks */,
			);
			runOnlyForDeploymentPostprocessing = 0;
		};
		4CF83D751E56B28D007A7D3E /* Frameworks */ = {
			isa = PBXFrameworksBuildPhase;
			buildActionMask = 2147483647;
			files = (
				CDB32260818A4CFFC1449CB9 /* Pods_XiYouLibraryTests.framework in Frameworks */,
			);
			runOnlyForDeploymentPostprocessing = 0;
		};
		4CF83D801E56B28D007A7D3E /* Frameworks */ = {
			isa = PBXFrameworksBuildPhase;
			buildActionMask = 2147483647;
			files = (
				8FB436854E41E387E53E1C0D /* Pods_XiYouLibraryUITests.framework in Frameworks */,
			);
			runOnlyForDeploymentPostprocessing = 0;
		};
/* End PBXFrameworksBuildPhase section */

/* Begin PBXGroup section */
		17F5F58EC355FD3683FF2120 /* Frameworks */ = {
			isa = PBXGroup;
			children = (
				B1749EC01B0B84C9437DD358 /* Pods_XiYouLibrary.framework */,
				FA7808129492DC432F287935 /* Pods_XiYouLibraryTests.framework */,
				4E0B6A9B1544E7BD18604AF4 /* Pods_XiYouLibraryUITests.framework */,
			);
			name = Frameworks;
			sourceTree = "<group>";
		};
		49981BD95CB7D946C7ED2684 /* Pods */ = {
			isa = PBXGroup;
			children = (
				4C5F81D27B983D0F872ED73B /* Pods-XiYouLibrary.debug.xcconfig */,
				5DD02BDB7C651038660E362C /* Pods-XiYouLibrary.release.xcconfig */,
				9467626799908A9C33ED8749 /* Pods-XiYouLibraryTests.debug.xcconfig */,
				08560A220A667FEF83622F14 /* Pods-XiYouLibraryTests.release.xcconfig */,
				4058529DE8F066C9BC5D942B /* Pods-XiYouLibraryUITests.debug.xcconfig */,
				389747DB375B210BD77FA2DA /* Pods-XiYouLibraryUITests.release.xcconfig */,
			);
			name = Pods;
			sourceTree = "<group>";
		};
		4C09492F1F137F3E0059D51A /* View */ = {
			isa = PBXGroup;
			children = (
				4C0949411F17839E0059D51A /* MineCell.h */,
				4C0949421F17839E0059D51A /* MineCell.m */,
			);
			path = View;
			sourceTree = "<group>";
		};
		4C4100351F330C98002A098A /* SearchView */ = {
			isa = PBXGroup;
			children = (
			);
			name = SearchView;
			path = ../SearchView;
			sourceTree = "<group>";
		};
		4C4100361F330CDA002A098A /* SearchModel */ = {
			isa = PBXGroup;
			children = (
				4CC295861F1F81CC00F892C5 /* Book.h */,
				4CC295871F1F81CC00F892C5 /* Book.m */,
				4CC2958A1F1F895600F892C5 /* BookDetail.h */,
				4CC2958B1F1F895600F892C5 /* BookDetail.m */,
				4CC2958D1F1F898500F892C5 /* BookData.h */,
				4CC2958E1F1F898500F892C5 /* BookData.m */,
				4CC295901F1F8CC900F892C5 /* BookImage.h */,
				4CC295911F1F8CC900F892C5 /* BookImage.m */,
				4CC295931F2DC90F00F892C5 /* SingleBook.h */,
				4CC295941F2DC90F00F892C5 /* SingleBook.m */,
				4CC295961F2DC93B00F892C5 /* SingleBookDetail.h */,
				4CC295971F2DC93B00F892C5 /* SingleBookDetail.m */,
				4CC295AC1F2F09CD00F892C5 /* SingleCirculationInfo.h */,
				4CC295AD1F2F09CD00F892C5 /* SingleCirculationInfo.m */,
				4CC295AF1F2F0D3100F892C5 /* SingleReferBooks.h */,
				4CC295B01F2F0D3100F892C5 /* SingleReferBooks.m */,
				4CC295B21F2F0DFD00F892C5 /* SingleDoubanInfo.h */,
				4CC295B31F2F0DFD00F892C5 /* SingleDoubanInfo.m */,
				4CC295B51F2F0E6D00F892C5 /* 豆瓣信息 */,
			);
			path = SearchModel;
			sourceTree = "<group>";
		};
		4C5852171ED95BA700E79382 /* 用户借阅历史 */ = {
			isa = PBXGroup;
			children = (
				4C3B52401EDEBE9800290FCE /* History.h */,
				4C3B52411EDEBE9800290FCE /* History.m */,
				4C3B52431EDEBEC900290FCE /* HistoryDetail.h */,
				4C3B52441EDEBEC900290FCE /* HistoryDetail.m */,
				4C09493B1F17770C0059D51A /* Favorite.h */,
				4C09493C1F17770C0059D51A /* Favorite.m */,
				4C09493E1F1777700059D51A /* FavoriteDetail.h */,
				4C09493F1F1777700059D51A /* FavoriteDetail.m */,
				4C0949441F17870E0059D51A /* FavoriteImage.h */,
				4C0949451F17870E0059D51A /* FavoriteImage.m */,
				4C0949251F122BC00059D51A /* Borrow.h */,
				4C0949261F122BC00059D51A /* Borrow.m */,
				4C0949281F122BDB0059D51A /* BorrowDetail.h */,
				4C0949291F122BDB0059D51A /* BorrowDetail.m */,
			);
			path = "用户借阅历史";
			sourceTree = "<group>";
		};
		4C5FFF361EDFF00900183315 /* 公告新闻 */ = {
			isa = PBXGroup;
			children = (
				4C5FFF371EDFF09A00183315 /* Announce.h */,
				4C5FFF381EDFF09A00183315 /* Announce.m */,
				4C5FFF3A1EDFF3E200183315 /* AnnounceInfo.h */,
				4C5FFF3B1EDFF3E200183315 /* AnnounceInfo.m */,
				4C5FFF3D1EDFFB6C00183315 /* AnnounceData.h */,
				4C5FFF3E1EDFFB6C00183315 /* AnnounceData.m */,
				4CFC93C11EE69C390075728E /* AnnounceDetail.h */,
				4CFC93C21EE69C390075728E /* AnnounceDetail.m */,
				4CFC93C41EE69C6F0075728E /* AnnounceDetailData.h */,
				4CFC93C51EE69C6F0075728E /* AnnounceDetailData.m */,
			);
			path = "公告新闻";
			sourceTree = "<group>";
		};
		4CC295821F1F528B00F892C5 /* SearchController */ = {
			isa = PBXGroup;
			children = (
				4CC2957F1F1E11FF00F892C5 /* SearchItemViewController.h */,
				4CC295801F1E11FF00F892C5 /* SearchItemViewController.m */,
				4CC295831F1F539A00F892C5 /* SearchResultViewController.h */,
				4CC295841F1F539A00F892C5 /* SearchResultViewController.m */,
			);
			path = SearchController;
			sourceTree = "<group>";
		};
		4CC295891F1F88DD00F892C5 /* Book */ = {
			isa = PBXGroup;
			children = (
			);
			path = Book;
			sourceTree = "<group>";
		};
		4CC295B51F2F0E6D00F892C5 /* 豆瓣信息 */ = {
			isa = PBXGroup;
			children = (
				4CC295B61F2F0EA400F892C5 /* DoubanRating.h */,
				4CC295B71F2F0EA400F892C5 /* DoubanRating.m */,
				4CC295B91F2F0EB900F892C5 /* DoubanAuthor.h */,
				4CC295BA1F2F0EB900F892C5 /* DoubanAuthor.m */,
				4CC295BC1F2F0ED300F892C5 /* DoubanImages.h */,
				4CC295BD1F2F0ED300F892C5 /* DoubanImages.m */,
			);
			name = "豆瓣信息";
			path = "../../../Book/豆瓣信息";
			sourceTree = "<group>";
		};
		4CE88BA31E9E709200042C0C /* cell */ = {
			isa = PBXGroup;
			children = (
				4C20E4061EE5353400B2B13E /* homeTableViewCell.h */,
				4C20E4071EE5353400B2B13E /* homeTableViewCell.m */,
				4C20E4091EE5355300B2B13E /* mineTableViewCell.h */,
				4C20E40A1EE5355300B2B13E /* mineTableViewCell.m */,
				4C20E40C1EE5356800B2B13E /* settingTableViewCell.h */,
				4C20E40D1EE5356800B2B13E /* settingTableViewCell.m */,
			);
			path = cell;
			sourceTree = "<group>";
		};
		4CF83D561E56B28D007A7D3E = {
			isa = PBXGroup;
			children = (
				4CF83D611E56B28D007A7D3E /* XiYouLibrary */,
				4CF83D7B1E56B28D007A7D3E /* XiYouLibraryTests */,
				4CF83D861E56B28D007A7D3E /* XiYouLibraryUITests */,
				4CF83D601E56B28D007A7D3E /* Products */,
				49981BD95CB7D946C7ED2684 /* Pods */,
				17F5F58EC355FD3683FF2120 /* Frameworks */,
			);
			sourceTree = "<group>";
		};
		4CF83D601E56B28D007A7D3E /* Products */ = {
			isa = PBXGroup;
			children = (
				4CF83D5F1E56B28D007A7D3E /* XiYouLibrary.app */,
				4CF83D781E56B28D007A7D3E /* XiYouLibraryTests.xctest */,
				4CF83D831E56B28D007A7D3E /* XiYouLibraryUITests.xctest */,
			);
			name = Products;
			sourceTree = "<group>";
		};
		4CF83D611E56B28D007A7D3E /* XiYouLibrary */ = {
			isa = PBXGroup;
			children = (
				4CF83DA71E56C092007A7D3E /* Model */,
				4CF83DA91E56C0B1007A7D3E /* View */,
				4CF83DA81E56C0B1007A7D3E /* Controller */,
				4CF83D651E56B28D007A7D3E /* AppDelegate.h */,
				4CF83D661E56B28D007A7D3E /* AppDelegate.m */,
				4CF83DBC1E56D47C007A7D3E /* ViewController.h */,
				4CF83DBD1E56D47C007A7D3E /* ViewController.m */,
				4CF83D6B1E56B28D007A7D3E /* Main.storyboard */,
				4CF83D6E1E56B28D007A7D3E /* Assets.xcassets */,
				4CF83D701E56B28D007A7D3E /* LaunchScreen.storyboard */,
				4CF83D731E56B28D007A7D3E /* Info.plist */,
				4C4100341F32C840002A098A /* Header.h */,
				4CF83D621E56B28D007A7D3E /* Supporting Files */,
			);
			path = XiYouLibrary;
			sourceTree = "<group>";
		};
		4CF83D621E56B28D007A7D3E /* Supporting Files */ = {
			isa = PBXGroup;
			children = (
				4CF83D631E56B28D007A7D3E /* main.m */,
			);
			name = "Supporting Files";
			sourceTree = "<group>";
		};
		4CF83D7B1E56B28D007A7D3E /* XiYouLibraryTests */ = {
			isa = PBXGroup;
			children = (
				4CF83D7C1E56B28D007A7D3E /* XiYouLibraryTests.m */,
				4CF83D7E1E56B28D007A7D3E /* Info.plist */,
			);
			path = XiYouLibraryTests;
			sourceTree = "<group>";
		};
		4CF83D861E56B28D007A7D3E /* XiYouLibraryUITests */ = {
			isa = PBXGroup;
			children = (
				4CF83D871E56B28D007A7D3E /* XiYouLibraryUITests.m */,
				4CF83D891E56B28D007A7D3E /* Info.plist */,
			);
			path = XiYouLibraryUITests;
			sourceTree = "<group>";
		};
		4CF83DA71E56C092007A7D3E /* Model */ = {
			isa = PBXGroup;
			children = (
				4C5FFF361EDFF00900183315 /* 公告新闻 */,
				4C5852171ED95BA700E79382 /* 用户借阅历史 */,
				4CC295891F1F88DD00F892C5 /* Book */,
				4CEB951E1ECB2465001CCDAB /* LoginResult.h */,
				4CEB951F1ECB2465001CCDAB /* LoginResult.m */,
				4CD5FAD51ED30495000D5DCC /* UserInfo.h */,
				4CD5FAD61ED30495000D5DCC /* UserInfo.m */,
				4CD5FAD81ED30A50000D5DCC /* User.h */,
				4CD5FAD91ED30A50000D5DCC /* User.m */,
			);
			path = Model;
			sourceTree = "<group>";
		};
		4CF83DA81E56C0B1007A7D3E /* Controller */ = {
			isa = PBXGroup;
			children = (
				4CF83DB21E56C64D007A7D3E /* HomeController */,
				4CF83DB11E56C645007A7D3E /* MineController */,
				4CF83DB01E56C63C007A7D3E /* SettingController */,
				4CF83DAA1E56C0FE007A7D3E /* XYTabBarController.h */,
				4CF83DAB1E56C0FE007A7D3E /* XYTabBarController.m */,
			);
			name = Controller;
			path = Model/Controller;
			sourceTree = "<group>";
		};
		4CF83DA91E56C0B1007A7D3E /* View */ = {
			isa = PBXGroup;
			children = (
				4CE88BA31E9E709200042C0C /* cell */,
			);
			name = View;
			path = Model/View;
			sourceTree = "<group>";
		};
		4CF83DB01E56C63C007A7D3E /* SettingController */ = {
			isa = PBXGroup;
			children = (
				4CF83DB91E56C699007A7D3E /* SettingViewController.h */,
				4CF83DBA1E56C699007A7D3E /* SettingViewController.m */,
				4CC79ACF1E9FAA2200D8C392 /* SettingNextViewController.h */,
				4CC79AD01E9FAA2200D8C392 /* SettingNextViewController.m */,
			);
			path = SettingController;
			sourceTree = "<group>";
		};
		4CF83DB11E56C645007A7D3E /* MineController */ = {
			isa = PBXGroup;
			children = (
				4C09492F1F137F3E0059D51A /* View */,
				4CF83DB61E56C68D007A7D3E /* MineViewController.h */,
				4CF83DB71E56C68D007A7D3E /* MineViewController.m */,
				4C1F66181EA26E1100166CAC /* MineBorrowViewController.h */,
				4C1F66191EA26E1100166CAC /* MineBorrowViewController.m */,
				4C0949351F1772060059D51A /* MineFavoriteViewController.h */,
				4C0949361F1772060059D51A /* MineFavoriteViewController.m */,
				4C0949381F17726D0059D51A /* MineHistoryViewController.h */,
				4C0949391F17726D0059D51A /* MineHistoryViewController.m */,
			);
			path = MineController;
			sourceTree = "<group>";
		};
		4CF83DB21E56C64D007A7D3E /* HomeController */ = {
			isa = PBXGroup;
			children = (
				4CF83DB31E56C67F007A7D3E /* HomeViewController.h */,
				4CF83DB41E56C67F007A7D3E /* HomeViewController.m */,
				4CF833AB1EB230B900F7A07B /* NoticeTableViewController.h */,
				4CF833AC1EB230B900F7A07B /* NoticeTableViewController.m */,
				4C20E40F1EE537E000B2B13E /* NoticeNextTableViewController.h */,
				4C20E4101EE537E000B2B13E /* NoticeNextTableViewController.m */,
				4CF833AE1EB230CC00F7A07B /* NewsTableViewController.h */,
				4CF833AF1EB230CC00F7A07B /* NewsTableViewController.m */,
				4C30E17F1EF7F709008803F6 /* NewsNextTableViewController.h */,
				4C30E1801EF7F709008803F6 /* NewsNextTableViewController.m */,
				4C4100361F330CDA002A098A /* SearchModel */,
				4C4100351F330C98002A098A /* SearchView */,
				4CC295821F1F528B00F892C5 /* SearchController */,
			);
			path = HomeController;
			sourceTree = "<group>";
		};
/* End PBXGroup section */

/* Begin PBXNativeTarget section */
		4CF83D5E1E56B28D007A7D3E /* XiYouLibrary */ = {
			isa = PBXNativeTarget;
			buildConfigurationList = 4CF83D8C1E56B28D007A7D3E /* Build configuration list for PBXNativeTarget "XiYouLibrary" */;
			buildPhases = (
				4CACE64C7588EC73702B9914 /* 📦 Check Pods Manifest.lock */,
				4CF83D5B1E56B28D007A7D3E /* Sources */,
				4CF83D5C1E56B28D007A7D3E /* Frameworks */,
				4CF83D5D1E56B28D007A7D3E /* Resources */,
				4DE66B587D30315C4A4CFFF0 /* 📦 Embed Pods Frameworks */,
				09407024A4BA129EA901B73E /* 📦 Copy Pods Resources */,
			);
			buildRules = (
			);
			dependencies = (
			);
			name = XiYouLibrary;
			productName = XiYouLibrary;
			productReference = 4CF83D5F1E56B28D007A7D3E /* XiYouLibrary.app */;
			productType = "com.apple.product-type.application";
		};
		4CF83D771E56B28D007A7D3E /* XiYouLibraryTests */ = {
			isa = PBXNativeTarget;
			buildConfigurationList = 4CF83D8F1E56B28D007A7D3E /* Build configuration list for PBXNativeTarget "XiYouLibraryTests" */;
			buildPhases = (
				4C342D0F877104136FDD9276 /* 📦 Check Pods Manifest.lock */,
				4CF83D741E56B28D007A7D3E /* Sources */,
				4CF83D751E56B28D007A7D3E /* Frameworks */,
				4CF83D761E56B28D007A7D3E /* Resources */,
				F9B0EC7D3BECDC8223ED1178 /* 📦 Embed Pods Frameworks */,
				D4A9AF30D3E08A3F4824E946 /* 📦 Copy Pods Resources */,
			);
			buildRules = (
			);
			dependencies = (
				4CF83D7A1E56B28D007A7D3E /* PBXTargetDependency */,
			);
			name = XiYouLibraryTests;
			productName = XiYouLibraryTests;
			productReference = 4CF83D781E56B28D007A7D3E /* XiYouLibraryTests.xctest */;
			productType = "com.apple.product-type.bundle.unit-test";
		};
		4CF83D821E56B28D007A7D3E /* XiYouLibraryUITests */ = {
			isa = PBXNativeTarget;
			buildConfigurationList = 4CF83D921E56B28D007A7D3E /* Build configuration list for PBXNativeTarget "XiYouLibraryUITests" */;
			buildPhases = (
				B4CB2FEB7AE8D7C34D788059 /* 📦 Check Pods Manifest.lock */,
				4CF83D7F1E56B28D007A7D3E /* Sources */,
				4CF83D801E56B28D007A7D3E /* Frameworks */,
				4CF83D811E56B28D007A7D3E /* Resources */,
				B1BCAFEC999DD604F88CCD4E /* 📦 Copy Pods Resources */,
			);
			buildRules = (
			);
			dependencies = (
				4CF83D851E56B28D007A7D3E /* PBXTargetDependency */,
			);
			name = XiYouLibraryUITests;
			productName = XiYouLibraryUITests;
			productReference = 4CF83D831E56B28D007A7D3E /* XiYouLibraryUITests.xctest */;
			productType = "com.apple.product-type.bundle.ui-testing";
		};
/* End PBXNativeTarget section */

/* Begin PBXProject section */
		4CF83D571E56B28D007A7D3E /* Project object */ = {
			isa = PBXProject;
			attributes = {
				LastUpgradeCheck = 0820;
				ORGANIZATIONNAME = "韩钊";
				TargetAttributes = {
					4CF83D5E1E56B28D007A7D3E = {
						CreatedOnToolsVersion = 8.2.1;
						DevelopmentTeam = UHCLK74DHB;
						ProvisioningStyle = Automatic;
					};
					4CF83D771E56B28D007A7D3E = {
						CreatedOnToolsVersion = 8.2.1;
						ProvisioningStyle = Automatic;
						TestTargetID = 4CF83D5E1E56B28D007A7D3E;
					};
					4CF83D821E56B28D007A7D3E = {
						CreatedOnToolsVersion = 8.2.1;
						ProvisioningStyle = Automatic;
						TestTargetID = 4CF83D5E1E56B28D007A7D3E;
					};
				};
			};
			buildConfigurationList = 4CF83D5A1E56B28D007A7D3E /* Build configuration list for PBXProject "XiYouLibrary" */;
			compatibilityVersion = "Xcode 3.2";
			developmentRegion = English;
			hasScannedForEncodings = 0;
			knownRegions = (
				en,
				Base,
			);
			mainGroup = 4CF83D561E56B28D007A7D3E;
			productRefGroup = 4CF83D601E56B28D007A7D3E /* Products */;
			projectDirPath = "";
			projectRoot = "";
			targets = (
				4CF83D5E1E56B28D007A7D3E /* XiYouLibrary */,
				4CF83D771E56B28D007A7D3E /* XiYouLibraryTests */,
				4CF83D821E56B28D007A7D3E /* XiYouLibraryUITests */,
			);
		};
/* End PBXProject section */

/* Begin PBXResourcesBuildPhase section */
		4CF83D5D1E56B28D007A7D3E /* Resources */ = {
			isa = PBXResourcesBuildPhase;
			buildActionMask = 2147483647;
			files = (
				4CF83D721E56B28D007A7D3E /* LaunchScreen.storyboard in Resources */,
				4CF83D6F1E56B28D007A7D3E /* Assets.xcassets in Resources */,
				4CF83D6D1E56B28D007A7D3E /* Main.storyboard in Resources */,
			);
			runOnlyForDeploymentPostprocessing = 0;
		};
		4CF83D761E56B28D007A7D3E /* Resources */ = {
			isa = PBXResourcesBuildPhase;
			buildActionMask = 2147483647;
			files = (
			);
			runOnlyForDeploymentPostprocessing = 0;
		};
		4CF83D811E56B28D007A7D3E /* Resources */ = {
			isa = PBXResourcesBuildPhase;
			buildActionMask = 2147483647;
			files = (
			);
			runOnlyForDeploymentPostprocessing = 0;
		};
/* End PBXResourcesBuildPhase section */

/* Begin PBXShellScriptBuildPhase section */
		09407024A4BA129EA901B73E /* 📦 Copy Pods Resources */ = {
			isa = PBXShellScriptBuildPhase;
			buildActionMask = 2147483647;
			files = (
			);
			inputPaths = (
			);
			name = "📦 Copy Pods Resources";
			outputPaths = (
			);
			runOnlyForDeploymentPostprocessing = 0;
			shellPath = /bin/sh;
			shellScript = "\"${SRCROOT}/Pods/Target Support Files/Pods-XiYouLibrary/Pods-XiYouLibrary-resources.sh\"\n";
			showEnvVarsInLog = 0;
		};
		4C342D0F877104136FDD9276 /* 📦 Check Pods Manifest.lock */ = {
			isa = PBXShellScriptBuildPhase;
			buildActionMask = 2147483647;
			files = (
			);
			inputPaths = (
			);
			name = "📦 Check Pods Manifest.lock";
			outputPaths = (
			);
			runOnlyForDeploymentPostprocessing = 0;
			shellPath = /bin/sh;
			shellScript = "diff \"${PODS_ROOT}/../Podfile.lock\" \"${PODS_ROOT}/Manifest.lock\" > /dev/null\nif [[ $? != 0 ]] ; then\n    cat << EOM\nerror: The sandbox is not in sync with the Podfile.lock. Run 'pod install' or update your CocoaPods installation.\nEOM\n    exit 1\nfi\n";
			showEnvVarsInLog = 0;
		};
		4CACE64C7588EC73702B9914 /* 📦 Check Pods Manifest.lock */ = {
			isa = PBXShellScriptBuildPhase;
			buildActionMask = 2147483647;
			files = (
			);
			inputPaths = (
			);
			name = "📦 Check Pods Manifest.lock";
			outputPaths = (
			);
			runOnlyForDeploymentPostprocessing = 0;
			shellPath = /bin/sh;
			shellScript = "diff \"${PODS_ROOT}/../Podfile.lock\" \"${PODS_ROOT}/Manifest.lock\" > /dev/null\nif [[ $? != 0 ]] ; then\n    cat << EOM\nerror: The sandbox is not in sync with the Podfile.lock. Run 'pod install' or update your CocoaPods installation.\nEOM\n    exit 1\nfi\n";
			showEnvVarsInLog = 0;
		};
		4DE66B587D30315C4A4CFFF0 /* 📦 Embed Pods Frameworks */ = {
			isa = PBXShellScriptBuildPhase;
			buildActionMask = 2147483647;
			files = (
			);
			inputPaths = (
			);
			name = "📦 Embed Pods Frameworks";
			outputPaths = (
			);
			runOnlyForDeploymentPostprocessing = 0;
			shellPath = /bin/sh;
			shellScript = "\"${SRCROOT}/Pods/Target Support Files/Pods-XiYouLibrary/Pods-XiYouLibrary-frameworks.sh\"\n";
			showEnvVarsInLog = 0;
		};
		B1BCAFEC999DD604F88CCD4E /* 📦 Copy Pods Resources */ = {
			isa = PBXShellScriptBuildPhase;
			buildActionMask = 2147483647;
			files = (
			);
			inputPaths = (
			);
			name = "📦 Copy Pods Resources";
			outputPaths = (
			);
			runOnlyForDeploymentPostprocessing = 0;
			shellPath = /bin/sh;
			shellScript = "\"${SRCROOT}/Pods/Target Support Files/Pods-XiYouLibraryUITests/Pods-XiYouLibraryUITests-resources.sh\"\n";
			showEnvVarsInLog = 0;
		};
		B4CB2FEB7AE8D7C34D788059 /* 📦 Check Pods Manifest.lock */ = {
			isa = PBXShellScriptBuildPhase;
			buildActionMask = 2147483647;
			files = (
			);
			inputPaths = (
			);
			name = "📦 Check Pods Manifest.lock";
			outputPaths = (
			);
			runOnlyForDeploymentPostprocessing = 0;
			shellPath = /bin/sh;
			shellScript = "diff \"${PODS_ROOT}/../Podfile.lock\" \"${PODS_ROOT}/Manifest.lock\" > /dev/null\nif [[ $? != 0 ]] ; then\n    cat << EOM\nerror: The sandbox is not in sync with the Podfile.lock. Run 'pod install' or update your CocoaPods installation.\nEOM\n    exit 1\nfi\n";
			showEnvVarsInLog = 0;
		};
		D4A9AF30D3E08A3F4824E946 /* 📦 Copy Pods Resources */ = {
			isa = PBXShellScriptBuildPhase;
			buildActionMask = 2147483647;
			files = (
			);
			inputPaths = (
			);
			name = "📦 Copy Pods Resources";
			outputPaths = (
			);
			runOnlyForDeploymentPostprocessing = 0;
			shellPath = /bin/sh;
			shellScript = "\"${SRCROOT}/Pods/Target Support Files/Pods-XiYouLibraryTests/Pods-XiYouLibraryTests-resources.sh\"\n";
			showEnvVarsInLog = 0;
		};
		F9B0EC7D3BECDC8223ED1178 /* 📦 Embed Pods Frameworks */ = {
			isa = PBXShellScriptBuildPhase;
			buildActionMask = 2147483647;
			files = (
			);
			inputPaths = (
			);
			name = "📦 Embed Pods Frameworks";
			outputPaths = (
			);
			runOnlyForDeploymentPostprocessing = 0;
			shellPath = /bin/sh;
			shellScript = "\"${SRCROOT}/Pods/Target Support Files/Pods-XiYouLibraryTests/Pods-XiYouLibraryTests-frameworks.sh\"\n";
			showEnvVarsInLog = 0;
		};
/* End PBXShellScriptBuildPhase section */

/* Begin PBXSourcesBuildPhase section */
		4CF83D5B1E56B28D007A7D3E /* Sources */ = {
			isa = PBXSourcesBuildPhase;
			buildActionMask = 2147483647;
			files = (
				4CEB95201ECB2465001CCDAB /* LoginResult.m in Sources */,
				4C5FFF3F1EDFFB6C00183315 /* AnnounceData.m in Sources */,
				4CF83DBE1E56D47C007A7D3E /* ViewController.m in Sources */,
				4CD5FADA1ED30A50000D5DCC /* User.m in Sources */,
				4CC295B41F2F0DFD00F892C5 /* SingleDoubanInfo.m in Sources */,
				4CC295921F1F8CC900F892C5 /* BookImage.m in Sources */,
				4CC295B81F2F0EA400F892C5 /* DoubanRating.m in Sources */,
				4C20E4081EE5353400B2B13E /* homeTableViewCell.m in Sources */,
				4C09493D1F17770C0059D51A /* Favorite.m in Sources */,
				4CC295BE1F2F0ED300F892C5 /* DoubanImages.m in Sources */,
				4CF83DAC1E56C0FE007A7D3E /* XYTabBarController.m in Sources */,
				4C20E40B1EE5355300B2B13E /* mineTableViewCell.m in Sources */,
				4CC295981F2DC93B00F892C5 /* SingleBookDetail.m in Sources */,
				4CC79AD11E9FAA2200D8C392 /* SettingNextViewController.m in Sources */,
				4CC295BB1F2F0EB900F892C5 /* DoubanAuthor.m in Sources */,
				4CF833AD1EB230B900F7A07B /* NoticeTableViewController.m in Sources */,
				4C3B52451EDEBEC900290FCE /* HistoryDetail.m in Sources */,
				4CC295851F1F539A00F892C5 /* SearchResultViewController.m in Sources */,
				4C0949461F17870E0059D51A /* FavoriteImage.m in Sources */,
				4C0949401F1777700059D51A /* FavoriteDetail.m in Sources */,
				4CC295811F1E11FF00F892C5 /* SearchItemViewController.m in Sources */,
				4C30E1811EF7F709008803F6 /* NewsNextTableViewController.m in Sources */,
				4C09492A1F122BDB0059D51A /* BorrowDetail.m in Sources */,
				4CC295AE1F2F09CD00F892C5 /* SingleCirculationInfo.m in Sources */,
				4C20E4111EE537E000B2B13E /* NoticeNextTableViewController.m in Sources */,
				4CC295951F2DC90F00F892C5 /* SingleBook.m in Sources */,
				4C3B52421EDEBE9800290FCE /* History.m in Sources */,
				4CC2958F1F1F898500F892C5 /* BookData.m in Sources */,
				4CF83DB81E56C68D007A7D3E /* MineViewController.m in Sources */,
				4CFC93C31EE69C390075728E /* AnnounceDetail.m in Sources */,
				4C09493A1F17726D0059D51A /* MineHistoryViewController.m in Sources */,
				4CF833B01EB230CC00F7A07B /* NewsTableViewController.m in Sources */,
				4CFC93C61EE69C6F0075728E /* AnnounceDetailData.m in Sources */,
				4CF83DBB1E56C699007A7D3E /* SettingViewController.m in Sources */,
				4C0949431F17839E0059D51A /* MineCell.m in Sources */,
				4C0949371F1772060059D51A /* MineFavoriteViewController.m in Sources */,
				4CD5FAD71ED30495000D5DCC /* UserInfo.m in Sources */,
				4CC295B11F2F0D3100F892C5 /* SingleReferBooks.m in Sources */,
				4C5FFF391EDFF09A00183315 /* Announce.m in Sources */,
				4CC2958C1F1F895600F892C5 /* BookDetail.m in Sources */,
				4CF83D671E56B28D007A7D3E /* AppDelegate.m in Sources */,
				4C5FFF3C1EDFF3E200183315 /* AnnounceInfo.m in Sources */,
				4CF83DB51E56C67F007A7D3E /* HomeViewController.m in Sources */,
				4C1F661A1EA26E1100166CAC /* MineBorrowViewController.m in Sources */,
				4C0949271F122BC00059D51A /* Borrow.m in Sources */,
				4CF83D641E56B28D007A7D3E /* main.m in Sources */,
				4CC295881F1F81CC00F892C5 /* Book.m in Sources */,
				4C20E40E1EE5356800B2B13E /* settingTableViewCell.m in Sources */,
			);
			runOnlyForDeploymentPostprocessing = 0;
		};
		4CF83D741E56B28D007A7D3E /* Sources */ = {
			isa = PBXSourcesBuildPhase;
			buildActionMask = 2147483647;
			files = (
				4CF83D7D1E56B28D007A7D3E /* XiYouLibraryTests.m in Sources */,
			);
			runOnlyForDeploymentPostprocessing = 0;
		};
		4CF83D7F1E56B28D007A7D3E /* Sources */ = {
			isa = PBXSourcesBuildPhase;
			buildActionMask = 2147483647;
			files = (
				4CF83D881E56B28D007A7D3E /* XiYouLibraryUITests.m in Sources */,
			);
			runOnlyForDeploymentPostprocessing = 0;
		};
/* End PBXSourcesBuildPhase section */

/* Begin PBXTargetDependency section */
		4CF83D7A1E56B28D007A7D3E /* PBXTargetDependency */ = {
			isa = PBXTargetDependency;
			target = 4CF83D5E1E56B28D007A7D3E /* XiYouLibrary */;
			targetProxy = 4CF83D791E56B28D007A7D3E /* PBXContainerItemProxy */;
		};
		4CF83D851E56B28D007A7D3E /* PBXTargetDependency */ = {
			isa = PBXTargetDependency;
			target = 4CF83D5E1E56B28D007A7D3E /* XiYouLibrary */;
			targetProxy = 4CF83D841E56B28D007A7D3E /* PBXContainerItemProxy */;
		};
/* End PBXTargetDependency section */

/* Begin PBXVariantGroup section */
		4CF83D6B1E56B28D007A7D3E /* Main.storyboard */ = {
			isa = PBXVariantGroup;
			children = (
				4CF83D6C1E56B28D007A7D3E /* Base */,
			);
			name = Main.storyboard;
			sourceTree = "<group>";
		};
		4CF83D701E56B28D007A7D3E /* LaunchScreen.storyboard */ = {
			isa = PBXVariantGroup;
			children = (
				4CF83D711E56B28D007A7D3E /* Base */,
			);
			name = LaunchScreen.storyboard;
			sourceTree = "<group>";
		};
/* End PBXVariantGroup section */

/* Begin XCBuildConfiguration section */
		4CF83D8A1E56B28D007A7D3E /* Debug */ = {
			isa = XCBuildConfiguration;
			buildSettings = {
				ALWAYS_SEARCH_USER_PATHS = NO;
				CLANG_ANALYZER_NONNULL = YES;
				CLANG_CXX_LANGUAGE_STANDARD = "gnu++0x";
				CLANG_CXX_LIBRARY = "libc++";
				CLANG_ENABLE_MODULES = YES;
				CLANG_ENABLE_OBJC_ARC = YES;
				CLANG_WARN_BOOL_CONVERSION = YES;
				CLANG_WARN_CONSTANT_CONVERSION = YES;
				CLANG_WARN_DIRECT_OBJC_ISA_USAGE = YES_ERROR;
				CLANG_WARN_DOCUMENTATION_COMMENTS = YES;
				CLANG_WARN_EMPTY_BODY = YES;
				CLANG_WARN_ENUM_CONVERSION = YES;
				CLANG_WARN_INFINITE_RECURSION = YES;
				CLANG_WARN_INT_CONVERSION = YES;
				CLANG_WARN_OBJC_ROOT_CLASS = YES_ERROR;
				CLANG_WARN_SUSPICIOUS_MOVE = YES;
				CLANG_WARN_UNREACHABLE_CODE = YES;
				CLANG_WARN__DUPLICATE_METHOD_MATCH = YES;
				"CODE_SIGN_IDENTITY[sdk=iphoneos*]" = "iPhone Developer";
				COPY_PHASE_STRIP = NO;
				DEBUG_INFORMATION_FORMAT = dwarf;
				ENABLE_STRICT_OBJC_MSGSEND = YES;
				ENABLE_TESTABILITY = YES;
				GCC_C_LANGUAGE_STANDARD = gnu99;
				GCC_DYNAMIC_NO_PIC = NO;
				GCC_NO_COMMON_BLOCKS = YES;
				GCC_OPTIMIZATION_LEVEL = 0;
				GCC_PREPROCESSOR_DEFINITIONS = (
					"DEBUG=1",
					"$(inherited)",
				);
				GCC_WARN_64_TO_32_BIT_CONVERSION = YES;
				GCC_WARN_ABOUT_RETURN_TYPE = YES_ERROR;
				GCC_WARN_UNDECLARED_SELECTOR = YES;
				GCC_WARN_UNINITIALIZED_AUTOS = YES_AGGRESSIVE;
				GCC_WARN_UNUSED_FUNCTION = YES;
				GCC_WARN_UNUSED_VARIABLE = YES;
				IPHONEOS_DEPLOYMENT_TARGET = 10.2;
				MTL_ENABLE_DEBUG_INFO = YES;
				ONLY_ACTIVE_ARCH = YES;
				SDKROOT = iphoneos;
			};
			name = Debug;
		};
		4CF83D8B1E56B28D007A7D3E /* Release */ = {
			isa = XCBuildConfiguration;
			buildSettings = {
				ALWAYS_SEARCH_USER_PATHS = NO;
				CLANG_ANALYZER_NONNULL = YES;
				CLANG_CXX_LANGUAGE_STANDARD = "gnu++0x";
				CLANG_CXX_LIBRARY = "libc++";
				CLANG_ENABLE_MODULES = YES;
				CLANG_ENABLE_OBJC_ARC = YES;
				CLANG_WARN_BOOL_CONVERSION = YES;
				CLANG_WARN_CONSTANT_CONVERSION = YES;
				CLANG_WARN_DIRECT_OBJC_ISA_USAGE = YES_ERROR;
				CLANG_WARN_DOCUMENTATION_COMMENTS = YES;
				CLANG_WARN_EMPTY_BODY = YES;
				CLANG_WARN_ENUM_CONVERSION = YES;
				CLANG_WARN_INFINITE_RECURSION = YES;
				CLANG_WARN_INT_CONVERSION = YES;
				CLANG_WARN_OBJC_ROOT_CLASS = YES_ERROR;
				CLANG_WARN_SUSPICIOUS_MOVE = YES;
				CLANG_WARN_UNREACHABLE_CODE = YES;
				CLANG_WARN__DUPLICATE_METHOD_MATCH = YES;
				"CODE_SIGN_IDENTITY[sdk=iphoneos*]" = "iPhone Developer";
				COPY_PHASE_STRIP = NO;
				DEBUG_INFORMATION_FORMAT = "dwarf-with-dsym";
				ENABLE_NS_ASSERTIONS = NO;
				ENABLE_STRICT_OBJC_MSGSEND = YES;
				GCC_C_LANGUAGE_STANDARD = gnu99;
				GCC_NO_COMMON_BLOCKS = YES;
				GCC_WARN_64_TO_32_BIT_CONVERSION = YES;
				GCC_WARN_ABOUT_RETURN_TYPE = YES_ERROR;
				GCC_WARN_UNDECLARED_SELECTOR = YES;
				GCC_WARN_UNINITIALIZED_AUTOS = YES_AGGRESSIVE;
				GCC_WARN_UNUSED_FUNCTION = YES;
				GCC_WARN_UNUSED_VARIABLE = YES;
				IPHONEOS_DEPLOYMENT_TARGET = 10.2;
				MTL_ENABLE_DEBUG_INFO = NO;
				SDKROOT = iphoneos;
				VALIDATE_PRODUCT = YES;
			};
			name = Release;
		};
		4CF83D8D1E56B28D007A7D3E /* Debug */ = {
			isa = XCBuildConfiguration;
			baseConfigurationReference = 4C5F81D27B983D0F872ED73B /* Pods-XiYouLibrary.debug.xcconfig */;
			buildSettings = {
				ASSETCATALOG_COMPILER_APPICON_NAME = AppIcon;
				ASSETCATALOG_COMPILER_LAUNCHIMAGE_NAME = LaunchImage;
				DEVELOPMENT_TEAM = UHCLK74DHB;
				INFOPLIST_FILE = XiYouLibrary/Info.plist;
				IPHONEOS_DEPLOYMENT_TARGET = 9.0;
				LD_RUNPATH_SEARCH_PATHS = "$(inherited) @executable_path/Frameworks";
				PRODUCT_BUNDLE_IDENTIFIER = hanzhao.XiYouLibrary;
				PRODUCT_NAME = "$(TARGET_NAME)";
				TARGETED_DEVICE_FAMILY = 1;
				USER_HEADER_SEARCH_PATHS = "$(PODS_ROOT)/**";
			};
			name = Debug;
		};
		4CF83D8E1E56B28D007A7D3E /* Release */ = {
			isa = XCBuildConfiguration;
			baseConfigurationReference = 5DD02BDB7C651038660E362C /* Pods-XiYouLibrary.release.xcconfig */;
			buildSettings = {
				ASSETCATALOG_COMPILER_APPICON_NAME = AppIcon;
				ASSETCATALOG_COMPILER_LAUNCHIMAGE_NAME = LaunchImage;
				DEVELOPMENT_TEAM = UHCLK74DHB;
				INFOPLIST_FILE = XiYouLibrary/Info.plist;
				IPHONEOS_DEPLOYMENT_TARGET = 9.0;
				LD_RUNPATH_SEARCH_PATHS = "$(inherited) @executable_path/Frameworks";
				PRODUCT_BUNDLE_IDENTIFIER = hanzhao.XiYouLibrary;
				PRODUCT_NAME = "$(TARGET_NAME)";
				TARGETED_DEVICE_FAMILY = 1;
				USER_HEADER_SEARCH_PATHS = "$(PODS_ROOT)/**";
			};
			name = Release;
		};
		4CF83D901E56B28D007A7D3E /* Debug */ = {
			isa = XCBuildConfiguration;
			baseConfigurationReference = 9467626799908A9C33ED8749 /* Pods-XiYouLibraryTests.debug.xcconfig */;
			buildSettings = {
				BUNDLE_LOADER = "$(TEST_HOST)";
				INFOPLIST_FILE = XiYouLibraryTests/Info.plist;
				LD_RUNPATH_SEARCH_PATHS = "$(inherited) @executable_path/Frameworks @loader_path/Frameworks";
				PRODUCT_BUNDLE_IDENTIFIER = hanzhao.XiYouLibraryTests;
				PRODUCT_NAME = "$(TARGET_NAME)";
				TEST_HOST = "$(BUILT_PRODUCTS_DIR)/XiYouLibrary.app/XiYouLibrary";
			};
			name = Debug;
		};
		4CF83D911E56B28D007A7D3E /* Release */ = {
			isa = XCBuildConfiguration;
			baseConfigurationReference = 08560A220A667FEF83622F14 /* Pods-XiYouLibraryTests.release.xcconfig */;
			buildSettings = {
				BUNDLE_LOADER = "$(TEST_HOST)";
				INFOPLIST_FILE = XiYouLibraryTests/Info.plist;
				LD_RUNPATH_SEARCH_PATHS = "$(inherited) @executable_path/Frameworks @loader_path/Frameworks";
				PRODUCT_BUNDLE_IDENTIFIER = hanzhao.XiYouLibraryTests;
				PRODUCT_NAME = "$(TARGET_NAME)";
				TEST_HOST = "$(BUILT_PRODUCTS_DIR)/XiYouLibrary.app/XiYouLibrary";
			};
			name = Release;
		};
		4CF83D931E56B28D007A7D3E /* Debug */ = {
			isa = XCBuildConfiguration;
			baseConfigurationReference = 4058529DE8F066C9BC5D942B /* Pods-XiYouLibraryUITests.debug.xcconfig */;
			buildSettings = {
				INFOPLIST_FILE = XiYouLibraryUITests/Info.plist;
				LD_RUNPATH_SEARCH_PATHS = "$(inherited) @executable_path/Frameworks @loader_path/Frameworks";
				PRODUCT_BUNDLE_IDENTIFIER = hanzhao.XiYouLibraryUITests;
				PRODUCT_NAME = "$(TARGET_NAME)";
				TEST_TARGET_NAME = XiYouLibrary;
			};
			name = Debug;
		};
		4CF83D941E56B28D007A7D3E /* Release */ = {
			isa = XCBuildConfiguration;
			baseConfigurationReference = 389747DB375B210BD77FA2DA /* Pods-XiYouLibraryUITests.release.xcconfig */;
			buildSettings = {
				INFOPLIST_FILE = XiYouLibraryUITests/Info.plist;
				LD_RUNPATH_SEARCH_PATHS = "$(inherited) @executable_path/Frameworks @loader_path/Frameworks";
				PRODUCT_BUNDLE_IDENTIFIER = hanzhao.XiYouLibraryUITests;
				PRODUCT_NAME = "$(TARGET_NAME)";
				TEST_TARGET_NAME = XiYouLibrary;
			};
			name = Release;
		};
/* End XCBuildConfiguration section */

/* Begin XCConfigurationList section */
		4CF83D5A1E56B28D007A7D3E /* Build configuration list for PBXProject "XiYouLibrary" */ = {
			isa = XCConfigurationList;
			buildConfigurations = (
				4CF83D8A1E56B28D007A7D3E /* Debug */,
				4CF83D8B1E56B28D007A7D3E /* Release */,
			);
			defaultConfigurationIsVisible = 0;
			defaultConfigurationName = Release;
		};
		4CF83D8C1E56B28D007A7D3E /* Build configuration list for PBXNativeTarget "XiYouLibrary" */ = {
			isa = XCConfigurationList;
			buildConfigurations = (
				4CF83D8D1E56B28D007A7D3E /* Debug */,
				4CF83D8E1E56B28D007A7D3E /* Release */,
			);
			defaultConfigurationIsVisible = 0;
			defaultConfigurationName = Release;
		};
		4CF83D8F1E56B28D007A7D3E /* Build configuration list for PBXNativeTarget "XiYouLibraryTests" */ = {
			isa = XCConfigurationList;
			buildConfigurations = (
				4CF83D901E56B28D007A7D3E /* Debug */,
				4CF83D911E56B28D007A7D3E /* Release */,
			);
			defaultConfigurationIsVisible = 0;
			defaultConfigurationName = Release;
		};
		4CF83D921E56B28D007A7D3E /* Build configuration list for PBXNativeTarget "XiYouLibraryUITests" */ = {
			isa = XCConfigurationList;
			buildConfigurations = (
				4CF83D931E56B28D007A7D3E /* Debug */,
				4CF83D941E56B28D007A7D3E /* Release */,
			);
			defaultConfigurationIsVisible = 0;
			defaultConfigurationName = Release;
		};
/* End XCConfigurationList section */
	};
	rootObject = 4CF83D571E56B28D007A7D3E /* Project object */;
}
